
Microsoft Visual Studio Solution File, Format Version 12.00
# Visual Studio Version 17
VisualStudioVersion = 17.10.34928.147
MinimumVisualStudioVersion = 10.0.40219.1
Project("{FAE04EC0-301F-11D3-BF4B-00C04F79EFBC}") = "RhythmicAlignmentVisualizer", "RhythmicAlignmentVisualizer\RhythmicAlignmentVisualizer.csproj", "{B425354A-E6CD-4C38-9727-9375F7A2B1C7}"
EndProject
Global
	GlobalSection(SolutionConfigurationPlatforms) = preSolution
		Debug|Any CPU = Debug|Any CPU
		Release|Any CPU = Release|Any CPU
	EndGlobalSection
	GlobalSection(ProjectConfigurationPlatforms) = postSolution
		{B425354A-E6CD-4C38-9727-9375F7A2B1C7}.Debug|Any CPU.ActiveCfg = Debug|Any CPU
		{B425354A-E6CD-4C38-9727-9375F7A2B1C7}.Debug|Any CPU.Build.0 = Debug|Any CPU
		{B425354A-E6CD-4C38-9727-9375F7A2B1C7}.Release|Any CPU.ActiveCfg = Release|Any CPU
		{B425354A-E6CD-4C38-9727-9375F7A2B1C7}.Release|Any CPU.Build.0 = Release|Any CPU
	EndGlobalSection
	GlobalSection(SolutionProperties) = preSolution
		HideSolutionNode = FALSE
	EndGlobalSection
	GlobalSection(ExtensibilityGlobals) = postSolution
		SolutionGuid = {4E250DF7-5B5C-4ECD-82C8-16AE15200C32}
	EndGlobalSection
EndGlobal
